<Solution>
  <Project Path="../tests/Prena.BuildingBlocks.SharedKernel.Tests/Prena.BuildingBlocks.SharedKernel.Tests.csproj" />
  <Project Path="../tests/Prena.CLI.IntegrationTests/Prena.CLI.IntegrationTests.csproj" />
  <Project Path="../tests/Prena.CLI.UnitTests/Prena.CLI.UnitTests.csproj" />
  <Project Path="Prena.BuildingBlocks.Application/Prena.BuildingBlocks.Application.csproj" />
  <Project Path="Prena.BuildingBlocks.Contracts/Prena.BuildingBlocks.Contracts.csproj" />
  <Project Path="Prena.BuildingBlocks.Core/Prena.BuildingBlocks.Core.csproj" />
  <Project Path="Prena.BuildingBlocks.Infrastructure/Prena.BuildingBlocks.Infrastructure.csproj" />
  <Project Path="Prena.BuildingBlocks.SharedKernel/Prena.BuildingBlocks.SharedKernel.csproj" />
  <Project Path="Prena.BuildingBlocks.Testing/Prena.BuildingBlocks.Testing.csproj" />
  <Project Path="Prena.CLI/Prena.CLI.csproj" />
</Solution>
